{
  "version": 4,
  "terraform_version": "0.14.6",
  "serial": 5,
  "lineage": "77054283-c111-ab18-edd7-c74809717751",
  "outputs": {},
  "resources": [
    {
      "mode": "managed",
      "type": "azurerm_app_service",
      "name": "this",
      "provider": "provider[\"registry.terraform.io/hashicorp/azurerm\"]",
      "instances": [
        {
          "schema_version": 0,
          "attributes": {
            "app_service_plan_id": "/subscriptions/8430a204-33e4-458c-9f23-8f4dcb9cddea/resourceGroups/rg-lab-we-en95/providers/Microsoft.Web/serverfarms/asp-lab-we-en95",
            "app_settings": {},
            "auth_settings": [
              {
                "active_directory": [],
                "additional_login_params": {},
                "allowed_external_redirect_urls": [],
                "default_provider": "",
                "enabled": false,
                "facebook": [],
                "google": [],
                "issuer": "",
                "microsoft": [],
                "runtime_version": "",
                "token_refresh_extension_hours": 0,
                "token_store_enabled": false,
                "twitter": [],
                "unauthenticated_client_action": ""
              }
            ],
            "backup": [],
            "client_affinity_enabled": false,
            "client_cert_enabled": false,
            "connection_string": [],
            "custom_domain_verification_id": "747892D92327E4591F0F590C64A7B08791E8A604E9FBF8751F23D85E163F8141",
            "default_site_hostname": "wa-lab-we-en95.azurewebsites.net",
            "enabled": true,
            "https_only": false,
            "id": "/subscriptions/8430a204-33e4-458c-9f23-8f4dcb9cddea/resourceGroups/rg-lab-we-en95/providers/Microsoft.Web/sites/wa-lab-we-en95",
            "identity": [],
            "location": "westeurope",
            "logs": [
              {
                "application_logs": [
                  {
                    "azure_blob_storage": [],
                    "file_system_level": "Off"
                  }
                ],
                "detailed_error_messages_enabled": false,
                "failed_request_tracing_enabled": false,
                "http_logs": [
                  {
                    "azure_blob_storage": [],
                    "file_system": []
                  }
                ]
              }
            ],
            "name": "wa-lab-we-en95",
            "outbound_ip_address_list": [
              "20.54.179.176",
              "20.54.179.185",
              "20.54.179.189",
              "20.54.179.193",
              "20.54.179.220",
              "20.54.179.227"
            ],
            "outbound_ip_addresses": "20.54.179.176,20.54.179.185,20.54.179.189,20.54.179.193,20.54.179.220,20.54.179.227",
            "possible_outbound_ip_address_list": [
              "20.54.179.176",
              "20.54.179.185",
              "20.54.179.189",
              "20.54.179.193",
              "20.54.179.220",
              "20.54.179.227",
              "20.54.179.240",
              "20.54.180.8",
              "20.54.180.14",
              "20.50.222.107",
              "20.54.180.20",
              "20.54.180.67",
              "52.143.9.209",
              "52.143.11.118",
              "52.143.12.244",
              "52.143.14.39",
              "52.143.15.188",
              "20.50.229.157"
            ],
            "possible_outbound_ip_addresses": "20.54.179.176,20.54.179.185,20.54.179.189,20.54.179.193,20.54.179.220,20.54.179.227,20.54.179.240,20.54.180.8,20.54.180.14,20.50.222.107,20.54.180.20,20.54.180.67,52.143.9.209,52.143.11.118,52.143.12.244,52.143.14.39,52.143.15.188,20.50.229.157",
            "resource_group_name": "rg-lab-we-en95",
            "site_config": [
              {
                "always_on": false,
                "app_command_line": "",
                "auto_swap_slot_name": "",
                "cors": [
                  {
                    "allowed_origins": [],
                    "support_credentials": false
                  }
                ],
                "default_documents": [],
                "dotnet_framework_version": "v4.0",
                "ftps_state": "AllAllowed",
                "health_check_path": "",
                "http2_enabled": false,
                "ip_restriction": [],
                "java_container": "",
                "java_container_version": "",
                "java_version": "",
                "linux_fx_version": "NODE|14-lts",
                "local_mysql_enabled": false,
                "managed_pipeline_mode": "Integrated",
                "min_tls_version": "1.2",
                "number_of_workers": 1,
                "php_version": "",
                "python_version": "",
                "remote_debugging_enabled": false,
                "remote_debugging_version": "VS2019",
                "scm_ip_restriction": [],
                "scm_type": "None",
                "scm_use_main_ip_restriction": false,
                "use_32_bit_worker_process": false,
                "websockets_enabled": false,
                "windows_fx_version": ""
              }
            ],
            "site_credential": [
              {
                "password": "LMGNN7nqJrlndv8gkfPoMN3Kd0i3lyLjgqQzn41ZQRCg3bPB9BrCllyF8J2H",
                "username": "$wa-lab-we-en95"
              }
            ],
            "source_control": [
              {
                "branch": "\u003cbranch\u003e",
                "manual_integration": false,
                "repo_url": "https://github.com/\u003corg\u003e/\u003crepo\u003e",
                "rollback_enabled": false,
                "use_mercurial": false
              }
            ],
            "storage_account": [],
            "tags": {},
            "timeouts": null
          },
          "sensitive_attributes": [],
          "private": "eyJlMmJmYjczMC1lY2FhLTExZTYtOGY4OC0zNDM2M2JjN2M0YzAiOnsiY3JlYXRlIjoxODAwMDAwMDAwMDAwLCJkZWxldGUiOjE4MDAwMDAwMDAwMDAsInJlYWQiOjMwMDAwMDAwMDAwMCwidXBkYXRlIjoxODAwMDAwMDAwMDAwfX0=",
          "dependencies": [
            "azurerm_app_service_plan.this",
            "azurerm_resource_group.this"
          ]
        }
      ]
    },
    {
      "mode": "managed",
      "type": "azurerm_app_service_plan",
      "name": "this",
      "provider": "provider[\"registry.terraform.io/hashicorp/azurerm\"]",
      "instances": [
        {
          "schema_version": 0,
          "attributes": {
            "app_service_environment_id": "",
            "id": "/subscriptions/8430a204-33e4-458c-9f23-8f4dcb9cddea/resourceGroups/rg-lab-we-en95/providers/Microsoft.Web/serverfarms/asp-lab-we-en95",
            "is_xenon": false,
            "kind": "linux",
            "location": "westeurope",
            "maximum_elastic_worker_count": 1,
            "maximum_number_of_workers": 3,
            "name": "asp-lab-we-en95",
            "per_site_scaling": false,
            "reserved": true,
            "resource_group_name": "rg-lab-we-en95",
            "sku": [
              {
                "capacity": 1,
                "size": "B1",
                "tier": "Basic"
              }
            ],
            "tags": {},
            "timeouts": null
          },
          "sensitive_attributes": [],
          "private": "eyJlMmJmYjczMC1lY2FhLTExZTYtOGY4OC0zNDM2M2JjN2M0YzAiOnsiY3JlYXRlIjozNjAwMDAwMDAwMDAwLCJkZWxldGUiOjM2MDAwMDAwMDAwMDAsInJlYWQiOjMwMDAwMDAwMDAwMCwidXBkYXRlIjozNjAwMDAwMDAwMDAwfX0=",
          "dependencies": [
            "azurerm_resource_group.this"
          ]
        }
      ]
    },
    {
      "mode": "managed",
      "type": "azurerm_resource_group",
      "name": "this",
      "provider": "provider[\"registry.terraform.io/hashicorp/azurerm\"]",
      "instances": [
        {
          "schema_version": 0,
          "attributes": {
            "id": "/subscriptions/8430a204-33e4-458c-9f23-8f4dcb9cddea/resourceGroups/rg-lab-we-en95",
            "location": "westeurope",
            "name": "rg-lab-we-en95",
            "tags": {},
            "timeouts": null
          },
          "sensitive_attributes": [],
          "private": "eyJlMmJmYjczMC1lY2FhLTExZTYtOGY4OC0zNDM2M2JjN2M0YzAiOnsiY3JlYXRlIjo1NDAwMDAwMDAwMDAwLCJkZWxldGUiOjU0MDAwMDAwMDAwMDAsInJlYWQiOjMwMDAwMDAwMDAwMCwidXBkYXRlIjo1NDAwMDAwMDAwMDAwfX0="
        }
      ]
    }
  ]
}
